{
  "requires": true,
  "lockfileVersion": 1,
  "dependencies": {
    "@babel/runtime": {
      "version": "7.13.10",
      "resolved": "https://registry.npmjs.org/@babel/runtime/-/runtime-7.13.10.tgz",
      "integrity": "sha512-4QPkjJq6Ns3V/RgpEahRk+AGfL0eO6RHHtTWoNNr5mO49G6B5+X6d6THgWEAvTrznU5xYpbAlVKRYcsCgh/Akw==",
      "requires": {
        "regenerator-runtime": "^0.13.4"
      }
    },
    "@emotion/is-prop-valid": {
      "version": "0.8.8",
      "resolved": "https://registry.npmjs.org/@emotion/is-prop-valid/-/is-prop-valid-0.8.8.tgz",
      "integrity": "sha512-u5WtneEAr5IDG2Wv65yhunPSMLIpuKsbuOktRojfrEiEvRyC85LgPMZI63cr7NUqT8ZIGdSVg8ZKGxIug4lXcA==",
      "requires": {
        "@emotion/memoize": "0.7.4"
      }
    },
    "@emotion/memoize": {
      "version": "0.7.4",
      "resolved": "https://registry.npmjs.org/@emotion/memoize/-/memoize-0.7.4.tgz",
      "integrity": "sha512-Ja/Vfqe3HpuzRsG1oBtWTHk2PGZ7GR+2Vz5iYGelAw8dx32K0y7PjVuxK6z1nMpZOqAFsRUPCkK1YjJ56qJlgw=="
    },
    "@styled-icons/bootstrap": {
      "version": "10.29.0",
      "resolved": "https://registry.npmjs.org/@styled-icons/bootstrap/-/bootstrap-10.29.0.tgz",
      "integrity": "sha512-B6UhU2p8zpAKBMLDmxgoXlHbODrvz8MM8nRLIGpCIWJ8rMen6a1FQJj22vKOL4ppC4A0hy2/IgBEc1gVwOdwiw==",
      "requires": {
        "@babel/runtime": "^7.12.13",
        "@styled-icons/styled-icon": "^10.6.0"
      }
    },
    "@styled-icons/boxicons-logos": {
      "version": "10.23.0",
      "resolved": "https://registry.npmjs.org/@styled-icons/boxicons-logos/-/boxicons-logos-10.23.0.tgz",
      "integrity": "sha512-TC6to8kfSY7pVwvOv0a8kboYH7nF69/uxCOZnrpZlzJbeZGsnIt2sAPRSV8454wXfsZ75pVcprCv26RO9aNHVA==",
      "requires": {
        "@babel/runtime": "^7.12.5",
        "@styled-icons/styled-icon": "^10.6.0"
      }
    },
    "@styled-icons/boxicons-regular": {
      "version": "10.23.0",
      "resolved": "https://registry.npmjs.org/@styled-icons/boxicons-regular/-/boxicons-regular-10.23.0.tgz",
      "integrity": "sha512-cVBXsgDzC9lZOhBaurxJcgiRpl3mMxNHsD0+PKi23yaEU20zIyBPjRgVw+qaqKKAUNONDkWej1vwiL5KericPw==",
      "requires": {
        "@babel/runtime": "^7.12.5",
        "@styled-icons/styled-icon": "^10.6.0"
      }
    },
    "@styled-icons/boxicons-solid": {
      "version": "10.23.0",
      "resolved": "https://registry.npmjs.org/@styled-icons/boxicons-solid/-/boxicons-solid-10.23.0.tgz",
      "integrity": "sha512-W7/NpBJ6Y2hEwSEYDZz6Rw97j1f4y0dd1lEZsgSIit0DjRpESt7t15ptMLf3zXnFVmrphHn9XRN3lyF6R8Gdtw==",
      "requires": {
        "@babel/runtime": "^7.12.5",
        "@styled-icons/styled-icon": "^10.6.0"
      }
    },
    "@styled-icons/crypto": {
      "version": "10.25.0",
      "resolved": "https://registry.npmjs.org/@styled-icons/crypto/-/crypto-10.25.0.tgz",
      "integrity": "sha512-WjURyH6wmE835D674KgpK87nU6kJSkA4XV5C/SP5dc+0FeUKeRm0FegX0Pakaqjj4pvFrBqeeS8Kg24IMUmHgA==",
      "requires": {
        "@babel/runtime": "^7.12.5",
        "@styled-icons/styled-icon": "^10.6.0"
      }
    },
    "@styled-icons/entypo": {
      "version": "10.18.0",
      "resolved": "https://registry.npmjs.org/@styled-icons/entypo/-/entypo-10.18.0.tgz",
      "integrity": "sha512-FZdYzBiqXgas/c76eeCSWfEy6jpzfvucIXMgwsTDQioh7/x9qVmuyz5TVlghx2zWmtoz4hEnLIDD0Yzw1ajXWQ==",
      "requires": {
        "@babel/runtime": "^7.10.5",
        "@styled-icons/styled-icon": "^10.6.0"
      }
    },
    "@styled-icons/entypo-social": {
      "version": "10.18.0",
      "resolved": "https://registry.npmjs.org/@styled-icons/entypo-social/-/entypo-social-10.18.0.tgz",
      "integrity": "sha512-JjDRJrsLi2IhjPBLYPJW+SNOijcOAOHu6ulyEJmtIRCKGzwdFJaXFPVxhULDnsr1vwBlxYdyvpz72liZH1gZpw==",
      "requires": {
        "@babel/runtime": "^7.10.5",
        "@styled-icons/styled-icon": "^10.6.0"
      }
    },
    "@styled-icons/evaicons-outline": {
      "version": "10.18.0",
      "resolved": "https://registry.npmjs.org/@styled-icons/evaicons-outline/-/evaicons-outline-10.18.0.tgz",
      "integrity": "sha512-6D352LtvtzfHlhxgUeair6NPfyJ0y6V+1r710w1qoEVO/mnc9F+ED6MaOCDv8GeDOM3eCPd8y2Fs6EA8zKuv/A==",
      "requires": {
        "@babel/runtime": "^7.10.5",
        "@styled-icons/styled-icon": "^10.6.0"
      }
    },
    "@styled-icons/evaicons-solid": {
      "version": "10.18.0",
      "resolved": "https://registry.npmjs.org/@styled-icons/evaicons-solid/-/evaicons-solid-10.18.0.tgz",
      "integrity": "sha512-vL1zGDTj2Mp/RedOaEkm5Ni9/h5scY5VQbwTQFnMV+QcLzk+WKCvS3Jj8mbqbEWvL4MtCdJYDC0UPD4sZSHV5A==",
      "requires": {
        "@babel/runtime": "^7.10.5",
        "@styled-icons/styled-icon": "^10.6.0"
      }
    },
    "@styled-icons/evil": {
      "version": "10.18.0",
      "resolved": "https://registry.npmjs.org/@styled-icons/evil/-/evil-10.18.0.tgz",
      "integrity": "sha512-WeBvdVbMg4qYp7pu21FDyJgDekeNF46B9nkyQFYymEQG95AndZArFPOUzshflBcGKB6xv2+jVyPtbtcHh2oQOA==",
      "requires": {
        "@babel/runtime": "^7.10.5",
        "@styled-icons/styled-icon": "^10.6.0"
      }
    },
    "@styled-icons/fa-brands": {
      "version": "10.26.0",
      "resolved": "https://registry.npmjs.org/@styled-icons/fa-brands/-/fa-brands-10.26.0.tgz",
      "integrity": "sha512-1J2Pac3QwxArDzI/EAibLlTQ+4mFr7e6ZIVdLT+hmQrTQ+2Ibm403fHwsEBvLYzCI/7XQERPcxy1uBdkSgrKXw==",
      "requires": {
        "@babel/runtime": "^7.12.5",
        "@styled-icons/styled-icon": "^10.6.0"
      }
    },
    "@styled-icons/fa-regular": {
      "version": "10.26.0",
      "resolved": "https://registry.npmjs.org/@styled-icons/fa-regular/-/fa-regular-10.26.0.tgz",
      "integrity": "sha512-aazl9vntOe16g6Qj6qBH91oLH1i2XMKEu7gjDRiUwxoGIm0GVzJGIi1Qa8ENvfYI9h8f85sghA2GH3Db4wOteA==",
      "requires": {
        "@babel/runtime": "^7.12.5",
        "@styled-icons/styled-icon": "^10.6.0"
      }
    },
    "@styled-icons/fa-solid": {
      "version": "10.26.0",
      "resolved": "https://registry.npmjs.org/@styled-icons/fa-solid/-/fa-solid-10.26.0.tgz",
      "integrity": "sha512-59/2KbnaP2euOR6UvZd1hncLvPTWJ1iT4Ohu7SV6tEvivDY/e2+uRMZiQlUgAGhzkmzQwYDeftaoiQaZeIfa4w==",
      "requires": {
        "@babel/runtime": "^7.12.5",
        "@styled-icons/styled-icon": "^10.6.0"
      }
    },
    "@styled-icons/feather": {
      "version": "10.18.0",
      "resolved": "https://registry.npmjs.org/@styled-icons/feather/-/feather-10.18.0.tgz",
      "integrity": "sha512-W8ESG+KLaiCekydTV6LaP3FW5enwvGMSM2T/wvS8HPmnR6tFb4hn8VQrtXG8Bwdc5RmTJ+2eyN6N3KySMfMC4Q==",
      "requires": {
        "@babel/runtime": "^7.10.5",
        "@styled-icons/styled-icon": "^10.6.0"
      }
    },
    "@styled-icons/fluentui-system-filled": {
      "version": "10.30.0",
      "resolved": "https://registry.npmjs.org/@styled-icons/fluentui-system-filled/-/fluentui-system-filled-10.30.0.tgz",
      "integrity": "sha512-GxLG44rY/Th/bzQFVeJQCG7+DTewdMVL/RbtX3RYhrmfHJCTVozKpprG1F3J+UIbH8b3BsZO5nHa9loY9GNzBA==",
      "requires": {
        "@babel/runtime": "^7.13.10",
        "@styled-icons/styled-icon": "^10.6.0"
      }
    },
    "@styled-icons/fluentui-system-regular": {
      "version": "10.31.0",
      "resolved": "https://registry.npmjs.org/@styled-icons/fluentui-system-regular/-/fluentui-system-regular-10.31.0.tgz",
      "integrity": "sha512-GsEkAhW5wiqTXlLMMEZ5wso6GoEOAPyWwI4iUPFao2u3bLCCoxvklB5mV2YBe+VfA85u/tS/gnV5p+jneojssQ==",
      "requires": {
        "@babel/runtime": "^7.13.10",
        "@styled-icons/styled-icon": "^10.6.0"
      }
    },
    "@styled-icons/foundation": {
      "version": "10.28.0",
      "resolved": "https://registry.npmjs.org/@styled-icons/foundation/-/foundation-10.28.0.tgz",
      "integrity": "sha512-hilmafnCFjV6d4cnmmee0qv2wkqAYC3KIDGf3MNRhRiSRTlpAxi22nXC2ax+Ta9qKRI11o+gdPhjAKA6J/AEsQ==",
      "requires": {
        "@babel/runtime": "^7.12.13",
        "@styled-icons/styled-icon": "^10.6.0"
      }
    },
    "@styled-icons/heroicons-outline": {
      "version": "10.19.0",
      "resolved": "https://registry.npmjs.org/@styled-icons/heroicons-outline/-/heroicons-outline-10.19.0.tgz",
      "integrity": "sha512-iJsSidfi3VqSLGHA3eECSBB8/j+zxV4q2sm21/DiRZZ4UhxBVnySECaHZfSeQ8qafe51+zIR+0oOs4qJAeGCyQ==",
      "requires": {
        "@babel/runtime": "^7.10.5",
        "@styled-icons/styled-icon": "^10.6.0"
      }
    },
    "@styled-icons/heroicons-solid": {
      "version": "10.19.0",
      "resolved": "https://registry.npmjs.org/@styled-icons/heroicons-solid/-/heroicons-solid-10.19.0.tgz",
      "integrity": "sha512-s72o12IOKyEOkRSWFqAX6Y/Od6i0ivdP7yl7nlXG9WZNiuU97FasfwS4YS4nw3kmrkM5P00EqlMuHokv4aq7TA==",
      "requires": {
        "@babel/runtime": "^7.10.5",
        "@styled-icons/styled-icon": "^10.6.0"
      }
    },
    "@styled-icons/icomoon": {
      "version": "10.18.0",
      "resolved": "https://registry.npmjs.org/@styled-icons/icomoon/-/icomoon-10.18.0.tgz",
      "integrity": "sha512-4a+j4+zkhfroUiT/4wjFuMJlhL4mvauyKVXZPZPsaRkkhdgWXkfYBy9j9DwA1ETaK+7aZep9Ng3EqHHeOF5bbg==",
      "requires": {
        "@babel/runtime": "^7.10.5",
        "@styled-icons/styled-icon": "^10.6.0"
      }
    },
    "@styled-icons/ionicons-outline": {
      "version": "10.28.0",
      "resolved": "https://registry.npmjs.org/@styled-icons/ionicons-outline/-/ionicons-outline-10.28.0.tgz",
      "integrity": "sha512-/yoZJa6nB/aXTOYobj6D9gE0JWejKrLmAGfdiUiqMX9exp4XeVxLPNaIbO2ilP/2VzGUAJJxh/KYMFIzoy5tkQ==",
      "requires": {
        "@babel/runtime": "^7.12.13",
        "@styled-icons/styled-icon": "^10.6.0"
      }
    },
    "@styled-icons/ionicons-sharp": {
      "version": "10.28.0",
      "resolved": "https://registry.npmjs.org/@styled-icons/ionicons-sharp/-/ionicons-sharp-10.28.0.tgz",
      "integrity": "sha512-5Qw8BMwvyAj0uzrPQ2BbbMVS8nrT164tIWoHyg/z4GXBKiiXukMoNJ+Z+sScG8+HLE+dc2SOzzX0+luSX7Ix6A==",
      "requires": {
        "@babel/runtime": "^7.12.13",
        "@styled-icons/styled-icon": "^10.6.0"
      }
    },
    "@styled-icons/ionicons-solid": {
      "version": "10.28.0",
      "resolved": "https://registry.npmjs.org/@styled-icons/ionicons-solid/-/ionicons-solid-10.28.0.tgz",
      "integrity": "sha512-vtnJzTDzVfPAt6PNOuUUTTzXwwoDqe3u6srzo/WZGc6wh0UEoNgs65pqiAwaG8RyJvfufJ0rMr2yDJRTWBddUA==",
      "requires": {
        "@babel/runtime": "^7.12.13",
        "@styled-icons/styled-icon": "^10.6.0"
      }
    },
    "@styled-icons/material": {
      "version": "10.28.0",
      "resolved": "https://registry.npmjs.org/@styled-icons/material/-/material-10.28.0.tgz",
      "integrity": "sha512-+401y79/qclNEMVbkAy98sJbBazeX/0k0DuPsULikAa+GDmmfzwk+xi9HloQa1Gsyc9/Zbnc5Hf7rFiJcukfbA==",
      "requires": {
        "@babel/runtime": "^7.12.13",
        "@styled-icons/styled-icon": "^10.6.0"
      }
    },
    "@styled-icons/material-outlined": {
      "version": "10.28.0",
      "resolved": "https://registry.npmjs.org/@styled-icons/material-outlined/-/material-outlined-10.28.0.tgz",
      "integrity": "sha512-TXCYrBeR5YXDziNMDAO6ZpKVjWvWaWmhBvF/vTvL6sME5zazk9sToyRJ6i/+DZGNH8wD7+635e8hkZAYPp++/A==",
      "requires": {
        "@babel/runtime": "^7.12.13",
        "@styled-icons/styled-icon": "^10.6.0"
      }
    },
    "@styled-icons/material-rounded": {
      "version": "10.28.0",
      "resolved": "https://registry.npmjs.org/@styled-icons/material-rounded/-/material-rounded-10.28.0.tgz",
      "integrity": "sha512-qNnsrkdAwSaiakh7xPVVucP0XnDQ0UwaODpQ1cxASZ6+7XPJHsOxYd+VTTSn3h99Unzp4QJltrBaz//Ky6zSGw==",
      "requires": {
        "@babel/runtime": "^7.12.13",
        "@styled-icons/styled-icon": "^10.6.0"
      }
    },
    "@styled-icons/material-sharp": {
      "version": "10.28.0",
      "resolved": "https://registry.npmjs.org/@styled-icons/material-sharp/-/material-sharp-10.28.0.tgz",
      "integrity": "sha512-bII2ZotBYFFO982hKoVZ6A6iQQDooV8PeVbfuveUqK9MO7sDYZ0aPFKv4vMYVpVgfJWpoWekigHhCW8eoSnGUg==",
      "requires": {
        "@babel/runtime": "^7.12.13",
        "@styled-icons/styled-icon": "^10.6.0"
      }
    },
    "@styled-icons/material-twotone": {
      "version": "10.28.0",
      "resolved": "https://registry.npmjs.org/@styled-icons/material-twotone/-/material-twotone-10.28.0.tgz",
      "integrity": "sha512-dpkHg477fipvehVJdDOpNcFWXmL4M2PBscfm61lYsnscDvIzRK0GJ1Rzmv2QiW48DSO02FSxaoRIdBm2bjZLfg==",
      "requires": {
        "@babel/runtime": "^7.12.13",
        "@styled-icons/styled-icon": "^10.6.0"
      }
    },
    "@styled-icons/octicons": {
      "version": "10.28.0",
      "resolved": "https://registry.npmjs.org/@styled-icons/octicons/-/octicons-10.28.0.tgz",
      "integrity": "sha512-j53tBXtNB4v5qD9lCFJJ2mcOBiAWXuySItRfU7lpMqJhvrfbfqMgMTdmPR+Ak3sbSqWaV7qNhs3+zvsGPtM5iw==",
      "requires": {
        "@babel/runtime": "^7.12.13",
        "@styled-icons/styled-icon": "^10.6.0"
      }
    },
    "@styled-icons/open-iconic": {
      "version": "10.18.0",
      "resolved": "https://registry.npmjs.org/@styled-icons/open-iconic/-/open-iconic-10.18.0.tgz",
      "integrity": "sha512-H+uiRUDm09SXlOgJheOmhT0KeLs5uBS85H2VF1ypMN1m/vy/NdaGP5QAvWTCzBk088JJGYEkvhb4i4pGcwRsEA==",
      "requires": {
        "@babel/runtime": "^7.10.5",
        "@styled-icons/styled-icon": "^10.6.0"
      }
    },
    "@styled-icons/remix-fill": {
      "version": "10.18.0",
      "resolved": "https://registry.npmjs.org/@styled-icons/remix-fill/-/remix-fill-10.18.0.tgz",
      "integrity": "sha512-FbnQMvxt2R7CYb8j/dVAXd31CDg4k3vX1zG/9GH9qpL536yxndnyopa7hwF/Yisy2pzR7uNlNXmTQAmYK2HSrg==",
      "requires": {
        "@babel/runtime": "^7.10.5",
        "@styled-icons/styled-icon": "^10.6.0"
      }
    },
    "@styled-icons/remix-line": {
      "version": "10.18.0",
      "resolved": "https://registry.npmjs.org/@styled-icons/remix-line/-/remix-line-10.18.0.tgz",
      "integrity": "sha512-UZllhk6hEWFyZt+jdPCO4zbeM0P3Y/Lc1iWWOwUXGP5AzStM2KadjaGpi99FhNfrvrly98cVB8b4M/GVExYn0Q==",
      "requires": {
        "@babel/runtime": "^7.10.5",
        "@styled-icons/styled-icon": "^10.6.0"
      }
    },
    "@styled-icons/simple-icons": {
      "version": "10.29.0",
      "resolved": "https://registry.npmjs.org/@styled-icons/simple-icons/-/simple-icons-10.29.0.tgz",
      "integrity": "sha512-TkNb6HII1xjmjlapY2msn8G+neLs6XYA3IclSR19Te5BLM8Su+Ct2unArSXoQym9W+SeiMnfjPI0dkAj9zY/Rw==",
      "requires": {
        "@babel/runtime": "^7.12.13",
        "@styled-icons/styled-icon": "^10.6.0"
      }
    },
    "@styled-icons/styled-icon": {
      "version": "10.6.3",
      "resolved": "https://registry.npmjs.org/@styled-icons/styled-icon/-/styled-icon-10.6.3.tgz",
      "integrity": "sha512-/A95L3peioLoWFiy+/eKRhoQ9r/oRrN/qzbSX4hXU1nGP2rUXcX3LWUhoBNAOp9Rw38ucc/4ralY427UUNtcGQ==",
      "requires": {
        "@babel/runtime": "^7.10.5",
        "@emotion/is-prop-valid": "^0.8.7"
      }
    },
    "@styled-icons/typicons": {
      "version": "10.18.0",
      "resolved": "https://registry.npmjs.org/@styled-icons/typicons/-/typicons-10.18.0.tgz",
      "integrity": "sha512-VN9vEzeAn5//uUvBN2N/OAXnrC6zCERu1eXUiXmYTwd7n8ZoMMASKmVWrAho20YmhUjEPZdSvS1cJ/pzV9K6Zg==",
      "requires": {
        "@babel/runtime": "^7.10.5",
        "@styled-icons/styled-icon": "^10.6.0"
      }
    },
    "@styled-icons/zondicons": {
      "version": "10.18.0",
      "resolved": "https://registry.npmjs.org/@styled-icons/zondicons/-/zondicons-10.18.0.tgz",
      "integrity": "sha512-P+XDzHRjY7zgcOYI22VJPg4GW01760VICwMSF2vJFRd0bux3hKIJI8voABA9v00Ce1TeOZnUbKcgQFBNIThs5w==",
      "requires": {
        "@babel/runtime": "^7.10.5",
        "@styled-icons/styled-icon": "^10.6.0"
      }
    },
    "regenerator-runtime": {
      "version": "0.13.7",
      "resolved": "https://registry.npmjs.org/regenerator-runtime/-/regenerator-runtime-0.13.7.tgz",
      "integrity": "sha512-a54FxoJDIr27pgf7IgeQGxmqUNYrcV338lf/6gH456HZ/PhX+5BcwHXG9ajESmwe6WRO0tAzRUrRmNONWgkrew=="
    },
    "styled-icons": {
      "version": "10.31.0",
      "resolved": "https://registry.npmjs.org/styled-icons/-/styled-icons-10.31.0.tgz",
      "integrity": "sha512-cBrmKImC80kl5Pf42NOhY+LkKbdYDqFocs+pAdwDrnUtu2j70ZJJoCZ6jDR1F0cCMCZ1dAAPO0OzN3+5KeeheA==",
      "requires": {
        "@babel/runtime": "^7.13.10",
        "@styled-icons/bootstrap": "10.29.0",
        "@styled-icons/boxicons-logos": "10.23.0",
        "@styled-icons/boxicons-regular": "10.23.0",
        "@styled-icons/boxicons-solid": "10.23.0",
        "@styled-icons/crypto": "10.25.0",
        "@styled-icons/entypo": "10.18.0",
        "@styled-icons/entypo-social": "10.18.0",
        "@styled-icons/evaicons-outline": "10.18.0",
        "@styled-icons/evaicons-solid": "10.18.0",
        "@styled-icons/evil": "10.18.0",
        "@styled-icons/fa-brands": "10.26.0",
        "@styled-icons/fa-regular": "10.26.0",
        "@styled-icons/fa-solid": "10.26.0",
        "@styled-icons/feather": "10.18.0",
        "@styled-icons/fluentui-system-filled": "10.30.0",
        "@styled-icons/fluentui-system-regular": "10.31.0",
        "@styled-icons/foundation": "10.28.0",
        "@styled-icons/heroicons-outline": "10.19.0",
        "@styled-icons/heroicons-solid": "10.19.0",
        "@styled-icons/icomoon": "10.18.0",
        "@styled-icons/ionicons-outline": "10.28.0",
        "@styled-icons/ionicons-sharp": "10.28.0",
        "@styled-icons/ionicons-solid": "10.28.0",
        "@styled-icons/material": "10.28.0",
        "@styled-icons/material-outlined": "10.28.0",
        "@styled-icons/material-rounded": "10.28.0",
        "@styled-icons/material-sharp": "10.28.0",
        "@styled-icons/material-twotone": "10.28.0",
        "@styled-icons/octicons": "10.28.0",
        "@styled-icons/open-iconic": "10.18.0",
        "@styled-icons/remix-fill": "10.18.0",
        "@styled-icons/remix-line": "10.18.0",
        "@styled-icons/simple-icons": "10.29.0",
        "@styled-icons/styled-icon": "10.6.3",
        "@styled-icons/typicons": "10.18.0",
        "@styled-icons/zondicons": "10.18.0"
      }
    }
  }
}
